{
  "name": "html-to-docx-demo",
  "version": "1.0.0",
  "lockfileVersion": 3,
  "requires": true,
  "packages": {
    "": {
      "name": "html-to-docx-demo",
      "version": "1.0.0",
      "dependencies": {
        "@kanaka-prabhath/html-to-docx": "file:.."
      }
    },
    "..": {
      "name": "@kanaka-prabhath/html-to-docx",
      "version": "1.0.0",
      "license": "MIT",
      "dependencies": {
        "jsdom": "^23.0.0",
        "jszip": "^3.10.1"
      }
    },
    "node_modules/@kanaka-prabhath/html-to-docx": {
      "resolved": "..",
      "link": true
    }
  }
}
