{
  "name": "html-to-docx-demo",
  "version": "1.0.0",
  "lockfileVersion": 3,
  "requires": true,
  "packages": {
    "": {
      "name": "html-to-docx-demo",
      "version": "1.0.0"
    },
    "..": {
      "name": "@kanaka-prabhath/html-to-docx",
      "version": "1.0.0",
      "extraneous": true,
      "license": "MIT",
      "dependencies": {
        "jsdom": "^23.0.0",
        "jszip": "^3.10.1"
      }
    }
  }
}
